// !$*UTF8*$!
{
	archiveVersion = 1;
	classes = {
	};
	objectVersion = 46;
	objects = {

/* Begin PBXBuildFile section */
		42A637FF1D0CED7C0078757A /* main.cpp in Sources */ = {isa = PBXBuildFile; fileRef = 42A637FE1D0CED7C0078757A /* main.cpp */; };
		42A638071D0CEDE40078757A /* StringReverse.cpp in Sources */ = {isa = PBXBuildFile; fileRef = 42A638061D0CEDE40078757A /* StringReverse.cpp */; };
		42A638091D0CF8650078757A /* NimGame.cpp in Sources */ = {isa = PBXBuildFile; fileRef = 42A638081D0CF8650078757A /* NimGame.cpp */; };
/* End PBXBuildFile section */

/* Begin PBXCopyFilesBuildPhase section */
		42A637F91D0CED7C0078757A /* CopyFiles */ = {
			isa = PBXCopyFilesBuildPhase;
			buildActionMask = 2147483647;
			dstPath = /usr/share/man/man1/;
			dstSubfolderSpec = 0;
			files = (
			);
			runOnlyForDeploymentPostprocessing = 1;
		};
/* End PBXCopyFilesBuildPhase section */

/* Begin PBXFileReference section */
		42A637FB1D0CED7C0078757A /* LeetCodeSolutions */ = {isa = PBXFileReference; explicitFileType = "compiled.mach-o.executable"; includeInIndex = 0; path = LeetCodeSolutions; sourceTree = BUILT_PRODUCTS_DIR; };
		42A637FE1D0CED7C0078757A /* main.cpp */ = {isa = PBXFileReference; lastKnownFileType = sourcecode.cpp.cpp; path = main.cpp; sourceTree = "<group>"; };
		42A638051D0CEDB00078757A /* AllSolutions.h */ = {isa = PBXFileReference; fileEncoding = 4; lastKnownFileType = sourcecode.c.h; path = AllSolutions.h; sourceTree = "<group>"; };
		42A638061D0CEDE40078757A /* StringReverse.cpp */ = {isa = PBXFileReference; fileEncoding = 4; lastKnownFileType = sourcecode.cpp.cpp; path = StringReverse.cpp; sourceTree = "<group>"; };
		42A638081D0CF8650078757A /* NimGame.cpp */ = {isa = PBXFileReference; fileEncoding = 4; lastKnownFileType = sourcecode.cpp.cpp; path = NimGame.cpp; sourceTree = "<group>"; };
/* End PBXFileReference section */

/* Begin PBXFrameworksBuildPhase section */
		42A637F81D0CED7C0078757A /* Frameworks */ = {
			isa = PBXFrameworksBuildPhase;
			buildActionMask = 2147483647;
			files = (
			);
			runOnlyForDeploymentPostprocessing = 0;
		};
/* End PBXFrameworksBuildPhase section */

/* Begin PBXGroup section */
		42A637F21D0CED7C0078757A = {
			isa = PBXGroup;
			children = (
				42A637FD1D0CED7C0078757A /* LeetCodeSolutions */,
				42A637FC1D0CED7C0078757A /* Products */,
			);
			sourceTree = "<group>";
		};
		42A637FC1D0CED7C0078757A /* Products */ = {
			isa = PBXGroup;
			children = (
				42A637FB1D0CED7C0078757A /* LeetCodeSolutions */,
			);
			name = Products;
			sourceTree = "<group>";
		};
		42A637FD1D0CED7C0078757A /* LeetCodeSolutions */ = {
			isa = PBXGroup;
			children = (
				42A637FE1D0CED7C0078757A /* main.cpp */,
				42A638051D0CEDB00078757A /* AllSolutions.h */,
				42A638061D0CEDE40078757A /* StringReverse.cpp */,
				42A638081D0CF8650078757A /* NimGame.cpp */,
			);
			path = LeetCodeSolutions;
			sourceTree = "<group>";
		};
/* End PBXGroup section */

/* Begin PBXNativeTarget section */
		42A637FA1D0CED7C0078757A /* LeetCodeSolutions */ = {
			isa = PBXNativeTarget;
			buildConfigurationList = 42A638021D0CED7C0078757A /* Build configuration list for PBXNativeTarget "LeetCodeSolutions" */;
			buildPhases = (
				42A637F71D0CED7C0078757A /* Sources */,
				42A637F81D0CED7C0078757A /* Frameworks */,
				42A637F91D0CED7C0078757A /* CopyFiles */,
			);
			buildRules = (
			);
			dependencies = (
			);
			name = LeetCodeSolutions;
			productName = LeetCodeSolutions;
			productReference = 42A637FB1D0CED7C0078757A /* LeetCodeSolutions */;
			productType = "com.apple.product-type.tool";
		};
/* End PBXNativeTarget section */

/* Begin PBXProject section */
		42A637F31D0CED7C0078757A /* Project object */ = {
			isa = PBXProject;
			attributes = {
				LastUpgradeCheck = 0720;
				ORGANIZATIONNAME = "NC State University";
				TargetAttributes = {
					42A637FA1D0CED7C0078757A = {
						CreatedOnToolsVersion = 7.2;
					};
				};
			};
			buildConfigurationList = 42A637F61D0CED7C0078757A /* Build configuration list for PBXProject "LeetCodeSolutions" */;
			compatibilityVersion = "Xcode 3.2";
			developmentRegion = English;
			hasScannedForEncodings = 0;
			knownRegions = (
				en,
			);
			mainGroup = 42A637F21D0CED7C0078757A;
			productRefGroup = 42A637FC1D0CED7C0078757A /* Products */;
			projectDirPath = "";
			projectRoot = "";
			targets = (
				42A637FA1D0CED7C0078757A /* LeetCodeSolutions */,
			);
		};
/* End PBXProject section */

/* Begin PBXSourcesBuildPhase section */
		42A637F71D0CED7C0078757A /* Sources */ = {
			isa = PBXSourcesBuildPhase;
			buildActionMask = 2147483647;
			files = (
				42A637FF1D0CED7C0078757A /* main.cpp in Sources */,
				42A638091D0CF8650078757A /* NimGame.cpp in Sources */,
				42A638071D0CEDE40078757A /* StringReverse.cpp in Sources */,
			);
			runOnlyForDeploymentPostprocessing = 0;
		};
/* End PBXSourcesBuildPhase section */

/* Begin XCBuildConfiguration section */
		42A638001D0CED7C0078757A /* Debug */ = {
			isa = XCBuildConfiguration;
			buildSettings = {
				ALWAYS_SEARCH_USER_PATHS = NO;
				CLANG_CXX_LANGUAGE_STANDARD = "gnu++0x";
				CLANG_CXX_LIBRARY = "libc++";
				CLANG_ENABLE_MODULES = YES;
				CLANG_ENABLE_OBJC_ARC = YES;
				CLANG_WARN_BOOL_CONVERSION = YES;
				CLANG_WARN_CONSTANT_CONVERSION = YES;
				CLANG_WARN_DIRECT_OBJC_ISA_USAGE = YES_ERROR;
				CLANG_WARN_EMPTY_BODY = YES;
				CLANG_WARN_ENUM_CONVERSION = YES;
				CLANG_WARN_INT_CONVERSION = YES;
				CLANG_WARN_OBJC_ROOT_CLASS = YES_ERROR;
				CLANG_WARN_UNREACHABLE_CODE = YES;
				CLANG_WARN__DUPLICATE_METHOD_MATCH = YES;
				CODE_SIGN_IDENTITY = "-";
				COPY_PHASE_STRIP = NO;
				DEBUG_INFORMATION_FORMAT = dwarf;
				ENABLE_STRICT_OBJC_MSGSEND = YES;
				ENABLE_TESTABILITY = YES;
				GCC_C_LANGUAGE_STANDARD = gnu99;
				GCC_DYNAMIC_NO_PIC = NO;
				GCC_NO_COMMON_BLOCKS = YES;
				GCC_OPTIMIZATION_LEVEL = 0;
				GCC_PREPROCESSOR_DEFINITIONS = (
					"DEBUG=1",
					"$(inherited)",
				);
				GCC_WARN_64_TO_32_BIT_CONVERSION = YES;
				GCC_WARN_ABOUT_RETURN_TYPE = YES_ERROR;
				GCC_WARN_UNDECLARED_SELECTOR = YES;
				GCC_WARN_UNINITIALIZED_AUTOS = YES_AGGRESSIVE;
				GCC_WARN_UNUSED_FUNCTION = YES;
				GCC_WARN_UNUSED_VARIABLE = YES;
				MACOSX_DEPLOYMENT_TARGET = 10.11;
				MTL_ENABLE_DEBUG_INFO = YES;
				ONLY_ACTIVE_ARCH = YES;
				SDKROOT = macosx;
			};
			name = Debug;
		};
		42A638011D0CED7C0078757A /* Release */ = {
			isa = XCBuildConfiguration;
			buildSettings = {
				ALWAYS_SEARCH_USER_PATHS = NO;
				CLANG_CXX_LANGUAGE_STANDARD = "gnu++0x";
				CLANG_CXX_LIBRARY = "libc++";
				CLANG_ENABLE_MODULES = YES;
				CLANG_ENABLE_OBJC_ARC = YES;
				CLANG_WARN_BOOL_CONVERSION = YES;
				CLANG_WARN_CONSTANT_CONVERSION = YES;
				CLANG_WARN_DIRECT_OBJC_ISA_USAGE = YES_ERROR;
				CLANG_WARN_EMPTY_BODY = YES;
				CLANG_WARN_ENUM_CONVERSION = YES;
				CLANG_WARN_INT_CONVERSION = YES;
				CLANG_WARN_OBJC_ROOT_CLASS = YES_ERROR;
				CLANG_WARN_UNREACHABLE_CODE = YES;
				CLANG_WARN__DUPLICATE_METHOD_MATCH = YES;
				CODE_SIGN_IDENTITY = "-";
				COPY_PHASE_STRIP = NO;
				DEBUG_INFORMATION_FORMAT = "dwarf-with-dsym";
				ENABLE_NS_ASSERTIONS = NO;
				ENABLE_STRICT_OBJC_MSGSEND = YES;
				GCC_C_LANGUAGE_STANDARD = gnu99;
				GCC_NO_COMMON_BLOCKS = YES;
				GCC_WARN_64_TO_32_BIT_CONVERSION = YES;
				GCC_WARN_ABOUT_RETURN_TYPE = YES_ERROR;
				GCC_WARN_UNDECLARED_SELECTOR = YES;
				GCC_WARN_UNINITIALIZED_AUTOS = YES_AGGRESSIVE;
				GCC_WARN_UNUSED_FUNCTION = YES;
				GCC_WARN_UNUSED_VARIABLE = YES;
				MACOSX_DEPLOYMENT_TARGET = 10.11;
				MTL_ENABLE_DEBUG_INFO = NO;
				SDKROOT = macosx;
			};
			name = Release;
		};
		42A638031D0CED7C0078757A /* Debug */ = {
			isa = XCBuildConfiguration;
			buildSettings = {
				PRODUCT_NAME = "$(TARGET_NAME)";
			};
			name = Debug;
		};
		42A638041D0CED7C0078757A /* Release */ = {
			isa = XCBuildConfiguration;
			buildSettings = {
				PRODUCT_NAME = "$(TARGET_NAME)";
			};
			name = Release;
		};
/* End XCBuildConfiguration section */

/* Begin XCConfigurationList section */
		42A637F61D0CED7C0078757A /* Build configuration list for PBXProject "LeetCodeSolutions" */ = {
			isa = XCConfigurationList;
			buildConfigurations = (
				42A638001D0CED7C0078757A /* Debug */,
				42A638011D0CED7C0078757A /* Release */,
			);
			defaultConfigurationIsVisible = 0;
			defaultConfigurationName = Release;
		};
		42A638021D0CED7C0078757A /* Build configuration list for PBXNativeTarget "LeetCodeSolutions" */ = {
			isa = XCConfigurationList;
			buildConfigurations = (
				42A638031D0CED7C0078757A /* Debug */,
				42A638041D0CED7C0078757A /* Release */,
			);
			defaultConfigurationIsVisible = 0;
		};
/* End XCConfigurationList section */
	};
	rootObject = 42A637F31D0CED7C0078757A /* Project object */;
}
